
Microsoft Visual Studio Solution File, Format Version 12.00
# Visual Studio Version 17
VisualStudioVersion = 17.4.33213.308
MinimumVisualStudioVersion = 10.0.40219.1
Project("{FAE04EC0-301F-11D3-BF4B-00C04F79EFBC}") = "Shop", "Shop\Shop.csproj", "{62D1867A-EC05-4F1A-9605-8245B349E356}"
EndProject
Global
	GlobalSection(SolutionConfigurationPlatforms) = preSolution
		Debug|Any CPU = Debug|Any CPU
		Release|Any CPU = Release|Any CPU
	EndGlobalSection
	GlobalSection(ProjectConfigurationPlatforms) = postSolution
		{62D1867A-EC05-4F1A-9605-8245B349E356}.Debug|Any CPU.ActiveCfg = Debug|Any CPU
		{62D1867A-EC05-4F1A-9605-8245B349E356}.Debug|Any CPU.Build.0 = Debug|Any CPU
		{62D1867A-EC05-4F1A-9605-8245B349E356}.Release|Any CPU.ActiveCfg = Release|Any CPU
		{62D1867A-EC05-4F1A-9605-8245B349E356}.Release|Any CPU.Build.0 = Release|Any CPU
	EndGlobalSection
	GlobalSection(SolutionProperties) = preSolution
		HideSolutionNode = FALSE
	EndGlobalSection
	GlobalSection(ExtensibilityGlobals) = postSolution
		SolutionGuid = {DCBC4D1F-3269-4B77-89D4-BF088EEA0BA6}
	EndGlobalSection
EndGlobal
